
Microsoft Visual Studio Solution File, Format Version 12.00
# Visual Studio 2013
VisualStudioVersion = 12.0.30723.0
MinimumVisualStudioVersion = 10.0.40219.1
Project("{FAE04EC0-301F-11D3-BF4B-00C04F79EFBC}") = "AeonDB", "AeonDB\AeonDB.csproj", "{0FAFD88B-1A42-4D1D-863F-FB7D7949C593}"
EndProject
Project("{FAE04EC0-301F-11D3-BF4B-00C04F79EFBC}") = "AeonDB.Test", "AeonDB.Test\AeonDB.Test.csproj", "{80242039-C6D1-4FD2-86BD-8485DFE51307}"
EndProject
Global
	GlobalSection(SolutionConfigurationPlatforms) = preSolution
		Debug|Any CPU = Debug|Any CPU
		Release|Any CPU = Release|Any CPU
	EndGlobalSection
	GlobalSection(ProjectConfigurationPlatforms) = postSolution
		{0FAFD88B-1A42-4D1D-863F-FB7D7949C593}.Debug|Any CPU.ActiveCfg = Debug|Any CPU
		{0FAFD88B-1A42-4D1D-863F-FB7D7949C593}.Debug|Any CPU.Build.0 = Debug|Any CPU
		{0FAFD88B-1A42-4D1D-863F-FB7D7949C593}.Release|Any CPU.ActiveCfg = Release|Any CPU
		{0FAFD88B-1A42-4D1D-863F-FB7D7949C593}.Release|Any CPU.Build.0 = Release|Any CPU
		{80242039-C6D1-4FD2-86BD-8485DFE51307}.Debug|Any CPU.ActiveCfg = Debug|Any CPU
		{80242039-C6D1-4FD2-86BD-8485DFE51307}.Debug|Any CPU.Build.0 = Debug|Any CPU
		{80242039-C6D1-4FD2-86BD-8485DFE51307}.Release|Any CPU.ActiveCfg = Release|Any CPU
		{80242039-C6D1-4FD2-86BD-8485DFE51307}.Release|Any CPU.Build.0 = Release|Any CPU
	EndGlobalSection
	GlobalSection(SolutionProperties) = preSolution
		HideSolutionNode = FALSE
	EndGlobalSection
EndGlobal
